
Microsoft Visual Studio Solution File, Format Version 12.00
# Visual Studio Version 17
VisualStudioVersion = 17.13.35818.85
MinimumVisualStudioVersion = 10.0.40219.1
Project("{9A19103F-16F7-4668-BE54-9A1E7A4F7556}") = "01-FirstProject", "-FirstProject\01-FirstProject.csproj", "{7DBC58E3-ECC9-4581-9E9F-9A43D00FF612}"
EndProject
Project("{9A19103F-16F7-4668-BE54-9A1E7A4F7556}") = "02-TypeCasting", "02-TypeCasting\02-TypeCasting.csproj", "{AAB206D2-0BB6-4B8E-A25A-02A2F0D07298}"
EndProject
Project("{9A19103F-16F7-4668-BE54-9A1E7A4F7556}") = "03-Operators", "03-Operators\03-Operators.csproj", "{D9800AC7-B4B6-405A-8036-39A4AF3A69DE}"
EndProject
Project("{9A19103F-16F7-4668-BE54-9A1E7A4F7556}") = "04-KararYapılar", "04-KararYapılar\04-KararYapılar.csproj", "{AFA5C730-CA0E-4813-81F8-212F5C57F424}"
EndProject
Project("{9A19103F-16F7-4668-BE54-9A1E7A4F7556}") = "05-TernaryIf", "05-TernaryIf\05-TernaryIf.csproj", "{099B7E1F-9CE5-417E-8F5B-1C5DC16FCDE1}"
EndProject
Project("{9A19103F-16F7-4668-BE54-9A1E7A4F7556}") = "06-SwitchCase", "06-SwitchCase\06-SwitchCase.csproj", "{76CF0292-B760-4C60-B556-291F6A6F2AF1}"
EndProject
Project("{9A19103F-16F7-4668-BE54-9A1E7A4F7556}") = "07-ForDongusu", "07-ForDongusu\07-ForDongusu.csproj", "{610795E2-45EA-4DD3-B0FA-6CE90E792E34}"
EndProject
Project("{FAE04EC0-301F-11D3-BF4B-00C04F79EFBC}") = "08-WhileDongusu", "08-WhileDongusu\08-WhileDongusu.csproj", "{8AD69DBE-5700-4122-8983-0D7DD9B25B0C}"
EndProject
Project("{FAE04EC0-301F-11D3-BF4B-00C04F79EFBC}") = "09-DoWhile", "09-DoWhile\09-DoWhile.csproj", "{BC52AC1D-E7E3-4178-AA37-589F8BACE71E}"
EndProject
Project("{FAE04EC0-301F-11D3-BF4B-00C04F79EFBC}") = "10-TryCatch", "10-TryCatch\10-TryCatch.csproj", "{E193312D-F92B-4A38-88A7-8792C2E3A753}"
EndProject
Project("{FAE04EC0-301F-11D3-BF4B-00C04F79EFBC}") = "11-SystemIO", "11-SystemIO\11-SystemIO.csproj", "{480BBE07-525A-4D86-B1A1-25B171BEAC11}"
EndProject
Project("{FAE04EC0-301F-11D3-BF4B-00C04F79EFBC}") = "12-OOP-Class", "12-OOP\12-OOP-Class.csproj", "{9880F199-F574-4552-BE3F-784FAD6411E2}"
EndProject
Project("{FAE04EC0-301F-11D3-BF4B-00C04F79EFBC}") = "13-OOP-Object", "13-OOP-Object\13-OOP-Object.csproj", "{24A4D853-9F84-4BCB-9AB2-1A75B73B8509}"
EndProject
Project("{FAE04EC0-301F-11D3-BF4B-00C04F79EFBC}") = "14-Static", "14-Static\14-Static.csproj", "{3FB3B5A8-A896-4537-A756-1C90C860A095}"
EndProject
Project("{FAE04EC0-301F-11D3-BF4B-00C04F79EFBC}") = "15-ClassLab", "15-ClassLab\15-ClassLab.csproj", "{585308DA-7D46-4371-AB06-090CDFC544A1}"
EndProject
Project("{FAE04EC0-301F-11D3-BF4B-00C04F79EFBC}") = "17-Struct", "17-Struct\17-Struct.csproj", "{7D977D78-4195-418C-818F-3134C8B77C95}"
EndProject
Project("{FAE04EC0-301F-11D3-BF4B-00C04F79EFBC}") = "18-Enum", "18-Enum\18-Enum.csproj", "{16EAFE4F-6478-4127-A8EA-0279B75D6AF9}"
EndProject
Project("{FAE04EC0-301F-11D3-BF4B-00C04F79EFBC}") = "19-Inheritance", "19-Inheritance\19-Inheritance.csproj", "{353E2688-D008-4175-8A3D-C1FE82E8114B}"
EndProject
Project("{FAE04EC0-301F-11D3-BF4B-00C04F79EFBC}") = "20-Extension", "20-Extension\20-Extension.csproj", "{12903365-5F11-486A-8853-9639B909148A}"
EndProject
Project("{FAE04EC0-301F-11D3-BF4B-00C04F79EFBC}") = "23-Generic", "23-Generic\23-Generic.csproj", "{2B29D93F-AB87-4CBD-AF3F-5330F98BFBAF}"
EndProject
Project("{FAE04EC0-301F-11D3-BF4B-00C04F79EFBC}") = "16-PartialClass", "19-PartialClass\16-PartialClass.csproj", "{C4A0F844-4976-4E0D-A366-FAF7B951D16E}"
EndProject
Project("{FAE04EC0-301F-11D3-BF4B-00C04F79EFBC}") = "21-Abstract", "21-Abstract\21-Abstract.csproj", "{D8AC66F4-A5E4-4BED-8D62-6493FA1B8632}"
EndProject
Project("{FAE04EC0-301F-11D3-BF4B-00C04F79EFBC}") = "22-Interface", "22-Interface\22-Interface.csproj", "{954D05A2-7B8E-4961-9164-77870F61677F}"
EndProject
Project("{FAE04EC0-301F-11D3-BF4B-00C04F79EFBC}") = "25-LINQ", "25-LINQ\25-LINQ.csproj", "{BFD7D717-704F-451F-B8D2-334F8E30B9BC}"
EndProject
Project("{FAE04EC0-301F-11D3-BF4B-00C04F79EFBC}") = "26-DBFirst", "26-DBFirst\26-DBFirst.csproj", "{0E7ED0C4-D032-48A4-8EB7-8CD62E3DA01A}"
EndProject
Project("{FAE04EC0-301F-11D3-BF4B-00C04F79EFBC}") = "27-CodeFirst", "27-CodeFirst\27-CodeFirst.csproj", "{5516E8BD-BC19-4ABB-9E54-8C704423311F}"
EndProject
Project("{FAE04EC0-301F-11D3-BF4B-00C04F79EFBC}") = "28-RelationShip", "28-RelationShip\28-RelationShip.csproj", "{C4823595-275C-4A63-BE33-BBD0A1929376}"
EndProject
Global
	GlobalSection(SolutionConfigurationPlatforms) = preSolution
		Debug|Any CPU = Debug|Any CPU
		Release|Any CPU = Release|Any CPU
	EndGlobalSection
	GlobalSection(ProjectConfigurationPlatforms) = postSolution
		{7DBC58E3-ECC9-4581-9E9F-9A43D00FF612}.Debug|Any CPU.ActiveCfg = Debug|Any CPU
		{7DBC58E3-ECC9-4581-9E9F-9A43D00FF612}.Debug|Any CPU.Build.0 = Debug|Any CPU
		{7DBC58E3-ECC9-4581-9E9F-9A43D00FF612}.Release|Any CPU.ActiveCfg = Release|Any CPU
		{7DBC58E3-ECC9-4581-9E9F-9A43D00FF612}.Release|Any CPU.Build.0 = Release|Any CPU
		{AAB206D2-0BB6-4B8E-A25A-02A2F0D07298}.Debug|Any CPU.ActiveCfg = Debug|Any CPU
		{AAB206D2-0BB6-4B8E-A25A-02A2F0D07298}.Debug|Any CPU.Build.0 = Debug|Any CPU
		{AAB206D2-0BB6-4B8E-A25A-02A2F0D07298}.Release|Any CPU.ActiveCfg = Release|Any CPU
		{AAB206D2-0BB6-4B8E-A25A-02A2F0D07298}.Release|Any CPU.Build.0 = Release|Any CPU
		{D9800AC7-B4B6-405A-8036-39A4AF3A69DE}.Debug|Any CPU.ActiveCfg = Debug|Any CPU
		{D9800AC7-B4B6-405A-8036-39A4AF3A69DE}.Debug|Any CPU.Build.0 = Debug|Any CPU
		{D9800AC7-B4B6-405A-8036-39A4AF3A69DE}.Release|Any CPU.ActiveCfg = Release|Any CPU
		{D9800AC7-B4B6-405A-8036-39A4AF3A69DE}.Release|Any CPU.Build.0 = Release|Any CPU
		{AFA5C730-CA0E-4813-81F8-212F5C57F424}.Debug|Any CPU.ActiveCfg = Debug|Any CPU
		{AFA5C730-CA0E-4813-81F8-212F5C57F424}.Debug|Any CPU.Build.0 = Debug|Any CPU
		{AFA5C730-CA0E-4813-81F8-212F5C57F424}.Release|Any CPU.ActiveCfg = Release|Any CPU
		{AFA5C730-CA0E-4813-81F8-212F5C57F424}.Release|Any CPU.Build.0 = Release|Any CPU
		{099B7E1F-9CE5-417E-8F5B-1C5DC16FCDE1}.Debug|Any CPU.ActiveCfg = Debug|Any CPU
		{099B7E1F-9CE5-417E-8F5B-1C5DC16FCDE1}.Debug|Any CPU.Build.0 = Debug|Any CPU
		{099B7E1F-9CE5-417E-8F5B-1C5DC16FCDE1}.Release|Any CPU.ActiveCfg = Release|Any CPU
		{099B7E1F-9CE5-417E-8F5B-1C5DC16FCDE1}.Release|Any CPU.Build.0 = Release|Any CPU
		{76CF0292-B760-4C60-B556-291F6A6F2AF1}.Debug|Any CPU.ActiveCfg = Debug|Any CPU
		{76CF0292-B760-4C60-B556-291F6A6F2AF1}.Debug|Any CPU.Build.0 = Debug|Any CPU
		{76CF0292-B760-4C60-B556-291F6A6F2AF1}.Release|Any CPU.ActiveCfg = Release|Any CPU
		{76CF0292-B760-4C60-B556-291F6A6F2AF1}.Release|Any CPU.Build.0 = Release|Any CPU
		{610795E2-45EA-4DD3-B0FA-6CE90E792E34}.Debug|Any CPU.ActiveCfg = Debug|Any CPU
		{610795E2-45EA-4DD3-B0FA-6CE90E792E34}.Debug|Any CPU.Build.0 = Debug|Any CPU
		{610795E2-45EA-4DD3-B0FA-6CE90E792E34}.Release|Any CPU.ActiveCfg = Release|Any CPU
		{610795E2-45EA-4DD3-B0FA-6CE90E792E34}.Release|Any CPU.Build.0 = Release|Any CPU
		{8AD69DBE-5700-4122-8983-0D7DD9B25B0C}.Debug|Any CPU.ActiveCfg = Debug|Any CPU
		{8AD69DBE-5700-4122-8983-0D7DD9B25B0C}.Debug|Any CPU.Build.0 = Debug|Any CPU
		{8AD69DBE-5700-4122-8983-0D7DD9B25B0C}.Release|Any CPU.ActiveCfg = Release|Any CPU
		{8AD69DBE-5700-4122-8983-0D7DD9B25B0C}.Release|Any CPU.Build.0 = Release|Any CPU
		{BC52AC1D-E7E3-4178-AA37-589F8BACE71E}.Debug|Any CPU.ActiveCfg = Debug|Any CPU
		{BC52AC1D-E7E3-4178-AA37-589F8BACE71E}.Debug|Any CPU.Build.0 = Debug|Any CPU
		{BC52AC1D-E7E3-4178-AA37-589F8BACE71E}.Release|Any CPU.ActiveCfg = Release|Any CPU
		{BC52AC1D-E7E3-4178-AA37-589F8BACE71E}.Release|Any CPU.Build.0 = Release|Any CPU
		{E193312D-F92B-4A38-88A7-8792C2E3A753}.Debug|Any CPU.ActiveCfg = Debug|Any CPU
		{E193312D-F92B-4A38-88A7-8792C2E3A753}.Debug|Any CPU.Build.0 = Debug|Any CPU
		{E193312D-F92B-4A38-88A7-8792C2E3A753}.Release|Any CPU.ActiveCfg = Release|Any CPU
		{E193312D-F92B-4A38-88A7-8792C2E3A753}.Release|Any CPU.Build.0 = Release|Any CPU
		{480BBE07-525A-4D86-B1A1-25B171BEAC11}.Debug|Any CPU.ActiveCfg = Debug|Any CPU
		{480BBE07-525A-4D86-B1A1-25B171BEAC11}.Debug|Any CPU.Build.0 = Debug|Any CPU
		{480BBE07-525A-4D86-B1A1-25B171BEAC11}.Release|Any CPU.ActiveCfg = Release|Any CPU
		{480BBE07-525A-4D86-B1A1-25B171BEAC11}.Release|Any CPU.Build.0 = Release|Any CPU
		{9880F199-F574-4552-BE3F-784FAD6411E2}.Debug|Any CPU.ActiveCfg = Debug|Any CPU
		{9880F199-F574-4552-BE3F-784FAD6411E2}.Debug|Any CPU.Build.0 = Debug|Any CPU
		{9880F199-F574-4552-BE3F-784FAD6411E2}.Release|Any CPU.ActiveCfg = Release|Any CPU
		{9880F199-F574-4552-BE3F-784FAD6411E2}.Release|Any CPU.Build.0 = Release|Any CPU
		{24A4D853-9F84-4BCB-9AB2-1A75B73B8509}.Debug|Any CPU.ActiveCfg = Debug|Any CPU
		{24A4D853-9F84-4BCB-9AB2-1A75B73B8509}.Debug|Any CPU.Build.0 = Debug|Any CPU
		{24A4D853-9F84-4BCB-9AB2-1A75B73B8509}.Release|Any CPU.ActiveCfg = Release|Any CPU
		{24A4D853-9F84-4BCB-9AB2-1A75B73B8509}.Release|Any CPU.Build.0 = Release|Any CPU
		{3FB3B5A8-A896-4537-A756-1C90C860A095}.Debug|Any CPU.ActiveCfg = Debug|Any CPU
		{3FB3B5A8-A896-4537-A756-1C90C860A095}.Debug|Any CPU.Build.0 = Debug|Any CPU
		{3FB3B5A8-A896-4537-A756-1C90C860A095}.Release|Any CPU.ActiveCfg = Release|Any CPU
		{3FB3B5A8-A896-4537-A756-1C90C860A095}.Release|Any CPU.Build.0 = Release|Any CPU
		{585308DA-7D46-4371-AB06-090CDFC544A1}.Debug|Any CPU.ActiveCfg = Debug|Any CPU
		{585308DA-7D46-4371-AB06-090CDFC544A1}.Debug|Any CPU.Build.0 = Debug|Any CPU
		{585308DA-7D46-4371-AB06-090CDFC544A1}.Release|Any CPU.ActiveCfg = Release|Any CPU
		{585308DA-7D46-4371-AB06-090CDFC544A1}.Release|Any CPU.Build.0 = Release|Any CPU
		{7D977D78-4195-418C-818F-3134C8B77C95}.Debug|Any CPU.ActiveCfg = Debug|Any CPU
		{7D977D78-4195-418C-818F-3134C8B77C95}.Debug|Any CPU.Build.0 = Debug|Any CPU
		{7D977D78-4195-418C-818F-3134C8B77C95}.Release|Any CPU.ActiveCfg = Release|Any CPU
		{7D977D78-4195-418C-818F-3134C8B77C95}.Release|Any CPU.Build.0 = Release|Any CPU
		{16EAFE4F-6478-4127-A8EA-0279B75D6AF9}.Debug|Any CPU.ActiveCfg = Debug|Any CPU
		{16EAFE4F-6478-4127-A8EA-0279B75D6AF9}.Debug|Any CPU.Build.0 = Debug|Any CPU
		{16EAFE4F-6478-4127-A8EA-0279B75D6AF9}.Release|Any CPU.ActiveCfg = Release|Any CPU
		{16EAFE4F-6478-4127-A8EA-0279B75D6AF9}.Release|Any CPU.Build.0 = Release|Any CPU
		{353E2688-D008-4175-8A3D-C1FE82E8114B}.Debug|Any CPU.ActiveCfg = Debug|Any CPU
		{353E2688-D008-4175-8A3D-C1FE82E8114B}.Debug|Any CPU.Build.0 = Debug|Any CPU
		{353E2688-D008-4175-8A3D-C1FE82E8114B}.Release|Any CPU.ActiveCfg = Release|Any CPU
		{353E2688-D008-4175-8A3D-C1FE82E8114B}.Release|Any CPU.Build.0 = Release|Any CPU
		{12903365-5F11-486A-8853-9639B909148A}.Debug|Any CPU.ActiveCfg = Debug|Any CPU
		{12903365-5F11-486A-8853-9639B909148A}.Debug|Any CPU.Build.0 = Debug|Any CPU
		{12903365-5F11-486A-8853-9639B909148A}.Release|Any CPU.ActiveCfg = Release|Any CPU
		{12903365-5F11-486A-8853-9639B909148A}.Release|Any CPU.Build.0 = Release|Any CPU
		{2B29D93F-AB87-4CBD-AF3F-5330F98BFBAF}.Debug|Any CPU.ActiveCfg = Debug|Any CPU
		{2B29D93F-AB87-4CBD-AF3F-5330F98BFBAF}.Debug|Any CPU.Build.0 = Debug|Any CPU
		{2B29D93F-AB87-4CBD-AF3F-5330F98BFBAF}.Release|Any CPU.ActiveCfg = Release|Any CPU
		{2B29D93F-AB87-4CBD-AF3F-5330F98BFBAF}.Release|Any CPU.Build.0 = Release|Any CPU
		{C4A0F844-4976-4E0D-A366-FAF7B951D16E}.Debug|Any CPU.ActiveCfg = Debug|Any CPU
		{C4A0F844-4976-4E0D-A366-FAF7B951D16E}.Debug|Any CPU.Build.0 = Debug|Any CPU
		{C4A0F844-4976-4E0D-A366-FAF7B951D16E}.Release|Any CPU.ActiveCfg = Release|Any CPU
		{C4A0F844-4976-4E0D-A366-FAF7B951D16E}.Release|Any CPU.Build.0 = Release|Any CPU
		{D8AC66F4-A5E4-4BED-8D62-6493FA1B8632}.Debug|Any CPU.ActiveCfg = Debug|Any CPU
		{D8AC66F4-A5E4-4BED-8D62-6493FA1B8632}.Debug|Any CPU.Build.0 = Debug|Any CPU
		{D8AC66F4-A5E4-4BED-8D62-6493FA1B8632}.Release|Any CPU.ActiveCfg = Release|Any CPU
		{D8AC66F4-A5E4-4BED-8D62-6493FA1B8632}.Release|Any CPU.Build.0 = Release|Any CPU
		{954D05A2-7B8E-4961-9164-77870F61677F}.Debug|Any CPU.ActiveCfg = Debug|Any CPU
		{954D05A2-7B8E-4961-9164-77870F61677F}.Debug|Any CPU.Build.0 = Debug|Any CPU
		{954D05A2-7B8E-4961-9164-77870F61677F}.Release|Any CPU.ActiveCfg = Release|Any CPU
		{954D05A2-7B8E-4961-9164-77870F61677F}.Release|Any CPU.Build.0 = Release|Any CPU
		{BFD7D717-704F-451F-B8D2-334F8E30B9BC}.Debug|Any CPU.ActiveCfg = Debug|Any CPU
		{BFD7D717-704F-451F-B8D2-334F8E30B9BC}.Debug|Any CPU.Build.0 = Debug|Any CPU
		{BFD7D717-704F-451F-B8D2-334F8E30B9BC}.Release|Any CPU.ActiveCfg = Release|Any CPU
		{BFD7D717-704F-451F-B8D2-334F8E30B9BC}.Release|Any CPU.Build.0 = Release|Any CPU
		{0E7ED0C4-D032-48A4-8EB7-8CD62E3DA01A}.Debug|Any CPU.ActiveCfg = Debug|Any CPU
		{0E7ED0C4-D032-48A4-8EB7-8CD62E3DA01A}.Debug|Any CPU.Build.0 = Debug|Any CPU
		{0E7ED0C4-D032-48A4-8EB7-8CD62E3DA01A}.Release|Any CPU.ActiveCfg = Release|Any CPU
		{0E7ED0C4-D032-48A4-8EB7-8CD62E3DA01A}.Release|Any CPU.Build.0 = Release|Any CPU
		{5516E8BD-BC19-4ABB-9E54-8C704423311F}.Debug|Any CPU.ActiveCfg = Debug|Any CPU
		{5516E8BD-BC19-4ABB-9E54-8C704423311F}.Debug|Any CPU.Build.0 = Debug|Any CPU
		{5516E8BD-BC19-4ABB-9E54-8C704423311F}.Release|Any CPU.ActiveCfg = Release|Any CPU
		{5516E8BD-BC19-4ABB-9E54-8C704423311F}.Release|Any CPU.Build.0 = Release|Any CPU
		{C4823595-275C-4A63-BE33-BBD0A1929376}.Debug|Any CPU.ActiveCfg = Debug|Any CPU
		{C4823595-275C-4A63-BE33-BBD0A1929376}.Debug|Any CPU.Build.0 = Debug|Any CPU
		{C4823595-275C-4A63-BE33-BBD0A1929376}.Release|Any CPU.ActiveCfg = Release|Any CPU
		{C4823595-275C-4A63-BE33-BBD0A1929376}.Release|Any CPU.Build.0 = Release|Any CPU
	EndGlobalSection
	GlobalSection(SolutionProperties) = preSolution
		HideSolutionNode = FALSE
	EndGlobalSection
	GlobalSection(ExtensibilityGlobals) = postSolution
		SolutionGuid = {5E3316AB-4919-4787-A771-F04FF2A71344}
	EndGlobalSection
EndGlobal
