
Microsoft Visual Studio Solution File, Format Version 12.00
# Visual Studio Version 17
VisualStudioVersion = 17.13.35818.85
MinimumVisualStudioVersion = 10.0.40219.1
Project("{9A19103F-16F7-4668-BE54-9A1E7A4F7556}") = "01-FirstProject", "-FirstProject\01-FirstProject.csproj", "{7DBC58E3-ECC9-4581-9E9F-9A43D00FF612}"
EndProject
Project("{9A19103F-16F7-4668-BE54-9A1E7A4F7556}") = "02-TypeCasting", "02-TypeCasting\02-TypeCasting.csproj", "{AAB206D2-0BB6-4B8E-A25A-02A2F0D07298}"
EndProject
Project("{9A19103F-16F7-4668-BE54-9A1E7A4F7556}") = "03-Operators", "03-Operators\03-Operators.csproj", "{D9800AC7-B4B6-405A-8036-39A4AF3A69DE}"
EndProject
Project("{9A19103F-16F7-4668-BE54-9A1E7A4F7556}") = "04-KararYapılar", "04-KararYapılar\04-KararYapılar.csproj", "{AFA5C730-CA0E-4813-81F8-212F5C57F424}"
EndProject
Project("{9A19103F-16F7-4668-BE54-9A1E7A4F7556}") = "05-TernaryIf", "05-TernaryIf\05-TernaryIf.csproj", "{099B7E1F-9CE5-417E-8F5B-1C5DC16FCDE1}"
EndProject
Project("{9A19103F-16F7-4668-BE54-9A1E7A4F7556}") = "06-SwitchCase", "06-SwitchCase\06-SwitchCase.csproj", "{76CF0292-B760-4C60-B556-291F6A6F2AF1}"
EndProject
Project("{9A19103F-16F7-4668-BE54-9A1E7A4F7556}") = "07-ForDongusu", "07-ForDongusu\07-ForDongusu.csproj", "{610795E2-45EA-4DD3-B0FA-6CE90E792E34}"
EndProject
Project("{FAE04EC0-301F-11D3-BF4B-00C04F79EFBC}") = "08-WhileDongusu", "08-WhileDongusu\08-WhileDongusu.csproj", "{8AD69DBE-5700-4122-8983-0D7DD9B25B0C}"
EndProject
Project("{FAE04EC0-301F-11D3-BF4B-00C04F79EFBC}") = "09-DoWhile", "09-DoWhile\09-DoWhile.csproj", "{BC52AC1D-E7E3-4178-AA37-589F8BACE71E}"
EndProject
Project("{FAE04EC0-301F-11D3-BF4B-00C04F79EFBC}") = "10-TryCatch", "10-TryCatch\10-TryCatch.csproj", "{E193312D-F92B-4A38-88A7-8792C2E3A753}"
EndProject
Project("{FAE04EC0-301F-11D3-BF4B-00C04F79EFBC}") = "11-SystemIO", "11-SystemIO\11-SystemIO.csproj", "{480BBE07-525A-4D86-B1A1-25B171BEAC11}"
EndProject
Global
	GlobalSection(SolutionConfigurationPlatforms) = preSolution
		Debug|Any CPU = Debug|Any CPU
		Release|Any CPU = Release|Any CPU
	EndGlobalSection
	GlobalSection(ProjectConfigurationPlatforms) = postSolution
		{7DBC58E3-ECC9-4581-9E9F-9A43D00FF612}.Debug|Any CPU.ActiveCfg = Debug|Any CPU
		{7DBC58E3-ECC9-4581-9E9F-9A43D00FF612}.Debug|Any CPU.Build.0 = Debug|Any CPU
		{7DBC58E3-ECC9-4581-9E9F-9A43D00FF612}.Release|Any CPU.ActiveCfg = Release|Any CPU
		{7DBC58E3-ECC9-4581-9E9F-9A43D00FF612}.Release|Any CPU.Build.0 = Release|Any CPU
		{AAB206D2-0BB6-4B8E-A25A-02A2F0D07298}.Debug|Any CPU.ActiveCfg = Debug|Any CPU
		{AAB206D2-0BB6-4B8E-A25A-02A2F0D07298}.Debug|Any CPU.Build.0 = Debug|Any CPU
		{AAB206D2-0BB6-4B8E-A25A-02A2F0D07298}.Release|Any CPU.ActiveCfg = Release|Any CPU
		{AAB206D2-0BB6-4B8E-A25A-02A2F0D07298}.Release|Any CPU.Build.0 = Release|Any CPU
		{D9800AC7-B4B6-405A-8036-39A4AF3A69DE}.Debug|Any CPU.ActiveCfg = Debug|Any CPU
		{D9800AC7-B4B6-405A-8036-39A4AF3A69DE}.Debug|Any CPU.Build.0 = Debug|Any CPU
		{D9800AC7-B4B6-405A-8036-39A4AF3A69DE}.Release|Any CPU.ActiveCfg = Release|Any CPU
		{D9800AC7-B4B6-405A-8036-39A4AF3A69DE}.Release|Any CPU.Build.0 = Release|Any CPU
		{AFA5C730-CA0E-4813-81F8-212F5C57F424}.Debug|Any CPU.ActiveCfg = Debug|Any CPU
		{AFA5C730-CA0E-4813-81F8-212F5C57F424}.Debug|Any CPU.Build.0 = Debug|Any CPU
		{AFA5C730-CA0E-4813-81F8-212F5C57F424}.Release|Any CPU.ActiveCfg = Release|Any CPU
		{AFA5C730-CA0E-4813-81F8-212F5C57F424}.Release|Any CPU.Build.0 = Release|Any CPU
		{099B7E1F-9CE5-417E-8F5B-1C5DC16FCDE1}.Debug|Any CPU.ActiveCfg = Debug|Any CPU
		{099B7E1F-9CE5-417E-8F5B-1C5DC16FCDE1}.Debug|Any CPU.Build.0 = Debug|Any CPU
		{099B7E1F-9CE5-417E-8F5B-1C5DC16FCDE1}.Release|Any CPU.ActiveCfg = Release|Any CPU
		{099B7E1F-9CE5-417E-8F5B-1C5DC16FCDE1}.Release|Any CPU.Build.0 = Release|Any CPU
		{76CF0292-B760-4C60-B556-291F6A6F2AF1}.Debug|Any CPU.ActiveCfg = Debug|Any CPU
		{76CF0292-B760-4C60-B556-291F6A6F2AF1}.Debug|Any CPU.Build.0 = Debug|Any CPU
		{76CF0292-B760-4C60-B556-291F6A6F2AF1}.Release|Any CPU.ActiveCfg = Release|Any CPU
		{76CF0292-B760-4C60-B556-291F6A6F2AF1}.Release|Any CPU.Build.0 = Release|Any CPU
		{610795E2-45EA-4DD3-B0FA-6CE90E792E34}.Debug|Any CPU.ActiveCfg = Debug|Any CPU
		{610795E2-45EA-4DD3-B0FA-6CE90E792E34}.Debug|Any CPU.Build.0 = Debug|Any CPU
		{610795E2-45EA-4DD3-B0FA-6CE90E792E34}.Release|Any CPU.ActiveCfg = Release|Any CPU
		{610795E2-45EA-4DD3-B0FA-6CE90E792E34}.Release|Any CPU.Build.0 = Release|Any CPU
		{8AD69DBE-5700-4122-8983-0D7DD9B25B0C}.Debug|Any CPU.ActiveCfg = Debug|Any CPU
		{8AD69DBE-5700-4122-8983-0D7DD9B25B0C}.Debug|Any CPU.Build.0 = Debug|Any CPU
		{8AD69DBE-5700-4122-8983-0D7DD9B25B0C}.Release|Any CPU.ActiveCfg = Release|Any CPU
		{8AD69DBE-5700-4122-8983-0D7DD9B25B0C}.Release|Any CPU.Build.0 = Release|Any CPU
		{BC52AC1D-E7E3-4178-AA37-589F8BACE71E}.Debug|Any CPU.ActiveCfg = Debug|Any CPU
		{BC52AC1D-E7E3-4178-AA37-589F8BACE71E}.Debug|Any CPU.Build.0 = Debug|Any CPU
		{BC52AC1D-E7E3-4178-AA37-589F8BACE71E}.Release|Any CPU.ActiveCfg = Release|Any CPU
		{BC52AC1D-E7E3-4178-AA37-589F8BACE71E}.Release|Any CPU.Build.0 = Release|Any CPU
		{E193312D-F92B-4A38-88A7-8792C2E3A753}.Debug|Any CPU.ActiveCfg = Debug|Any CPU
		{E193312D-F92B-4A38-88A7-8792C2E3A753}.Debug|Any CPU.Build.0 = Debug|Any CPU
		{E193312D-F92B-4A38-88A7-8792C2E3A753}.Release|Any CPU.ActiveCfg = Release|Any CPU
		{E193312D-F92B-4A38-88A7-8792C2E3A753}.Release|Any CPU.Build.0 = Release|Any CPU
		{480BBE07-525A-4D86-B1A1-25B171BEAC11}.Debug|Any CPU.ActiveCfg = Debug|Any CPU
		{480BBE07-525A-4D86-B1A1-25B171BEAC11}.Debug|Any CPU.Build.0 = Debug|Any CPU
		{480BBE07-525A-4D86-B1A1-25B171BEAC11}.Release|Any CPU.ActiveCfg = Release|Any CPU
		{480BBE07-525A-4D86-B1A1-25B171BEAC11}.Release|Any CPU.Build.0 = Release|Any CPU
	EndGlobalSection
	GlobalSection(SolutionProperties) = preSolution
		HideSolutionNode = FALSE
	EndGlobalSection
	GlobalSection(ExtensibilityGlobals) = postSolution
		SolutionGuid = {5E3316AB-4919-4787-A771-F04FF2A71344}
	EndGlobalSection
EndGlobal
